// !$*UTF8*$!
{
	archiveVersion = 1;
	classes = {
	};
	objectVersion = 56;
	objects = {

/* Begin PBXBuildFile section */
		AB6BBEE3296D1AA60089D27B /* SecondViewController.swift in Sources */ = {isa = PBXBuildFile; fileRef = AB6BBEE2296D1AA60089D27B /* SecondViewController.swift */; };
		AB9B4EFC296C856300036E8B /* bmiModel.swift in Sources */ = {isa = PBXBuildFile; fileRef = AB9B4EFB296C856300036E8B /* bmiModel.swift */; };
		ABBD4A72296C3AE90069DA01 /* AppDelegate.swift in Sources */ = {isa = PBXBuildFile; fileRef = ABBD4A71296C3AE90069DA01 /* AppDelegate.swift */; };
		ABBD4A74296C3AE90069DA01 /* SceneDelegate.swift in Sources */ = {isa = PBXBuildFile; fileRef = ABBD4A73296C3AE90069DA01 /* SceneDelegate.swift */; };
		ABBD4A76296C3AE90069DA01 /* ViewController.swift in Sources */ = {isa = PBXBuildFile; fileRef = ABBD4A75296C3AE90069DA01 /* ViewController.swift */; };
		ABBD4A79296C3AE90069DA01 /* Main.storyboard in Resources */ = {isa = PBXBuildFile; fileRef = ABBD4A77296C3AE90069DA01 /* Main.storyboard */; };
		ABBD4A7B296C3AEA0069DA01 /* Assets.xcassets in Resources */ = {isa = PBXBuildFile; fileRef = ABBD4A7A296C3AEA0069DA01 /* Assets.xcassets */; };
		ABBD4A7E296C3AEA0069DA01 /* LaunchScreen.storyboard in Resources */ = {isa = PBXBuildFile; fileRef = ABBD4A7C296C3AEA0069DA01 /* LaunchScreen.storyboard */; };
		ABBD4A89296C3AEA0069DA01 /* BMITests.swift in Sources */ = {isa = PBXBuildFile; fileRef = ABBD4A88296C3AEA0069DA01 /* BMITests.swift */; };
		ABBD4A93296C3AEA0069DA01 /* BMIUITests.swift in Sources */ = {isa = PBXBuildFile; fileRef = ABBD4A92296C3AEA0069DA01 /* BMIUITests.swift */; };
		ABBD4A95296C3AEA0069DA01 /* BMIUITestsLaunchTests.swift in Sources */ = {isa = PBXBuildFile; fileRef = ABBD4A94296C3AEA0069DA01 /* BMIUITestsLaunchTests.swift */; };
/* End PBXBuildFile section */

/* Begin PBXContainerItemProxy section */
		ABBD4A85296C3AEA0069DA01 /* PBXContainerItemProxy */ = {
			isa = PBXContainerItemProxy;
			containerPortal = ABBD4A66296C3AE90069DA01 /* Project object */;
			proxyType = 1;
			remoteGlobalIDString = ABBD4A6D296C3AE90069DA01;
			remoteInfo = BMI;
		};
		ABBD4A8F296C3AEA0069DA01 /* PBXContainerItemProxy */ = {
			isa = PBXContainerItemProxy;
			containerPortal = ABBD4A66296C3AE90069DA01 /* Project object */;
			proxyType = 1;
			remoteGlobalIDString = ABBD4A6D296C3AE90069DA01;
			remoteInfo = BMI;
		};
/* End PBXContainerItemProxy section */

/* Begin PBXFileReference section */
		AB6BBEE2296D1AA60089D27B /* SecondViewController.swift */ = {isa = PBXFileReference; lastKnownFileType = sourcecode.swift; path = SecondViewController.swift; sourceTree = "<group>"; };
		AB9B4EFB296C856300036E8B /* bmiModel.swift */ = {isa = PBXFileReference; lastKnownFileType = sourcecode.swift; path = bmiModel.swift; sourceTree = "<group>"; };
		ABBD4A6E296C3AE90069DA01 /* BMI.app */ = {isa = PBXFileReference; explicitFileType = wrapper.application; includeInIndex = 0; path = BMI.app; sourceTree = BUILT_PRODUCTS_DIR; };
		ABBD4A71296C3AE90069DA01 /* AppDelegate.swift */ = {isa = PBXFileReference; lastKnownFileType = sourcecode.swift; path = AppDelegate.swift; sourceTree = "<group>"; };
		ABBD4A73296C3AE90069DA01 /* SceneDelegate.swift */ = {isa = PBXFileReference; lastKnownFileType = sourcecode.swift; path = SceneDelegate.swift; sourceTree = "<group>"; };
		ABBD4A75296C3AE90069DA01 /* ViewController.swift */ = {isa = PBXFileReference; lastKnownFileType = sourcecode.swift; path = ViewController.swift; sourceTree = "<group>"; };
		ABBD4A78296C3AE90069DA01 /* Base */ = {isa = PBXFileReference; lastKnownFileType = file.storyboard; name = Base; path = Base.lproj/Main.storyboard; sourceTree = "<group>"; };
		ABBD4A7A296C3AEA0069DA01 /* Assets.xcassets */ = {isa = PBXFileReference; lastKnownFileType = folder.assetcatalog; path = Assets.xcassets; sourceTree = "<group>"; };
		ABBD4A7D296C3AEA0069DA01 /* Base */ = {isa = PBXFileReference; lastKnownFileType = file.storyboard; name = Base; path = Base.lproj/LaunchScreen.storyboard; sourceTree = "<group>"; };
		ABBD4A7F296C3AEA0069DA01 /* Info.plist */ = {isa = PBXFileReference; lastKnownFileType = text.plist.xml; path = Info.plist; sourceTree = "<group>"; };
		ABBD4A84296C3AEA0069DA01 /* BMITests.xctest */ = {isa = PBXFileReference; explicitFileType = wrapper.cfbundle; includeInIndex = 0; path = BMITests.xctest; sourceTree = BUILT_PRODUCTS_DIR; };
		ABBD4A88296C3AEA0069DA01 /* BMITests.swift */ = {isa = PBXFileReference; lastKnownFileType = sourcecode.swift; path = BMITests.swift; sourceTree = "<group>"; };
		ABBD4A8E296C3AEA0069DA01 /* BMIUITests.xctest */ = {isa = PBXFileReference; explicitFileType = wrapper.cfbundle; includeInIndex = 0; path = BMIUITests.xctest; sourceTree = BUILT_PRODUCTS_DIR; };
		ABBD4A92296C3AEA0069DA01 /* BMIUITests.swift */ = {isa = PBXFileReference; lastKnownFileType = sourcecode.swift; path = BMIUITests.swift; sourceTree = "<group>"; };
		ABBD4A94296C3AEA0069DA01 /* BMIUITestsLaunchTests.swift */ = {isa = PBXFileReference; lastKnownFileType = sourcecode.swift; path = BMIUITestsLaunchTests.swift; sourceTree = "<group>"; };
/* End PBXFileReference section */

/* Begin PBXFrameworksBuildPhase section */
		ABBD4A6B296C3AE90069DA01 /* Frameworks */ = {
			isa = PBXFrameworksBuildPhase;
			buildActionMask = 2147483647;
			files = (
			);
			runOnlyForDeploymentPostprocessing = 0;
		};
		ABBD4A81296C3AEA0069DA01 /* Frameworks */ = {
			isa = PBXFrameworksBuildPhase;
			buildActionMask = 2147483647;
			files = (
			);
			runOnlyForDeploymentPostprocessing = 0;
		};
		ABBD4A8B296C3AEA0069DA01 /* Frameworks */ = {
			isa = PBXFrameworksBuildPhase;
			buildActionMask = 2147483647;
			files = (
			);
			runOnlyForDeploymentPostprocessing = 0;
		};
/* End PBXFrameworksBuildPhase section */

/* Begin PBXGroup section */
		ABBD4A65296C3AE90069DA01 = {
			isa = PBXGroup;
			children = (
				ABBD4A70296C3AE90069DA01 /* BMI */,
				ABBD4A87296C3AEA0069DA01 /* BMITests */,
				ABBD4A91296C3AEA0069DA01 /* BMIUITests */,
				ABBD4A6F296C3AE90069DA01 /* Products */,
			);
			sourceTree = "<group>";
		};
		ABBD4A6F296C3AE90069DA01 /* Products */ = {
			isa = PBXGroup;
			children = (
				ABBD4A6E296C3AE90069DA01 /* BMI.app */,
				ABBD4A84296C3AEA0069DA01 /* BMITests.xctest */,
				ABBD4A8E296C3AEA0069DA01 /* BMIUITests.xctest */,
			);
			name = Products;
			sourceTree = "<group>";
		};
		ABBD4A70296C3AE90069DA01 /* BMI */ = {
			isa = PBXGroup;
			children = (
				ABBD4A71296C3AE90069DA01 /* AppDelegate.swift */,
				AB6BBEE2296D1AA60089D27B /* SecondViewController.swift */,
				ABBD4A73296C3AE90069DA01 /* SceneDelegate.swift */,
				ABBD4A75296C3AE90069DA01 /* ViewController.swift */,
				AB9B4EFB296C856300036E8B /* bmiModel.swift */,
				ABBD4A77296C3AE90069DA01 /* Main.storyboard */,
				ABBD4A7A296C3AEA0069DA01 /* Assets.xcassets */,
				ABBD4A7C296C3AEA0069DA01 /* LaunchScreen.storyboard */,
				ABBD4A7F296C3AEA0069DA01 /* Info.plist */,
			);
			path = BMI;
			sourceTree = "<group>";
		};
		ABBD4A87296C3AEA0069DA01 /* BMITests */ = {
			isa = PBXGroup;
			children = (
				ABBD4A88296C3AEA0069DA01 /* BMITests.swift */,
			);
			path = BMITests;
			sourceTree = "<group>";
		};
		ABBD4A91296C3AEA0069DA01 /* BMIUITests */ = {
			isa = PBXGroup;
			children = (
				ABBD4A92296C3AEA0069DA01 /* BMIUITests.swift */,
				ABBD4A94296C3AEA0069DA01 /* BMIUITestsLaunchTests.swift */,
			);
			path = BMIUITests;
			sourceTree = "<group>";
		};
/* End PBXGroup section */

/* Begin PBXNativeTarget section */
		ABBD4A6D296C3AE90069DA01 /* BMI */ = {
			isa = PBXNativeTarget;
			buildConfigurationList = ABBD4A98296C3AEA0069DA01 /* Build configuration list for PBXNativeTarget "BMI" */;
			buildPhases = (
				ABBD4A6A296C3AE90069DA01 /* Sources */,
				ABBD4A6B296C3AE90069DA01 /* Frameworks */,
				ABBD4A6C296C3AE90069DA01 /* Resources */,
			);
			buildRules = (
			);
			dependencies = (
			);
			name = BMI;
			productName = BMI;
			productReference = ABBD4A6E296C3AE90069DA01 /* BMI.app */;
			productType = "com.apple.product-type.application";
		};
		ABBD4A83296C3AEA0069DA01 /* BMITests */ = {
			isa = PBXNativeTarget;
			buildConfigurationList = ABBD4A9B296C3AEA0069DA01 /* Build configuration list for PBXNativeTarget "BMITests" */;
			buildPhases = (
				ABBD4A80296C3AEA0069DA01 /* Sources */,
				ABBD4A81296C3AEA0069DA01 /* Frameworks */,
				ABBD4A82296C3AEA0069DA01 /* Resources */,
			);
			buildRules = (
			);
			dependencies = (
				ABBD4A86296C3AEA0069DA01 /* PBXTargetDependency */,
			);
			name = BMITests;
			productName = BMITests;
			productReference = ABBD4A84296C3AEA0069DA01 /* BMITests.xctest */;
			productType = "com.apple.product-type.bundle.unit-test";
		};
		ABBD4A8D296C3AEA0069DA01 /* BMIUITests */ = {
			isa = PBXNativeTarget;
			buildConfigurationList = ABBD4A9E296C3AEA0069DA01 /* Build configuration list for PBXNativeTarget "BMIUITests" */;
			buildPhases = (
				ABBD4A8A296C3AEA0069DA01 /* Sources */,
				ABBD4A8B296C3AEA0069DA01 /* Frameworks */,
				ABBD4A8C296C3AEA0069DA01 /* Resources */,
			);
			buildRules = (
			);
			dependencies = (
				ABBD4A90296C3AEA0069DA01 /* PBXTargetDependency */,
			);
			name = BMIUITests;
			productName = BMIUITests;
			productReference = ABBD4A8E296C3AEA0069DA01 /* BMIUITests.xctest */;
			productType = "com.apple.product-type.bundle.ui-testing";
		};
/* End PBXNativeTarget section */

/* Begin PBXProject section */
		ABBD4A66296C3AE90069DA01 /* Project object */ = {
			isa = PBXProject;
			attributes = {
				BuildIndependentTargetsInParallel = 1;
				LastSwiftUpdateCheck = 1420;
				LastUpgradeCheck = 1420;
				TargetAttributes = {
					ABBD4A6D296C3AE90069DA01 = {
						CreatedOnToolsVersion = 14.2;
					};
					ABBD4A83296C3AEA0069DA01 = {
						CreatedOnToolsVersion = 14.2;
						TestTargetID = ABBD4A6D296C3AE90069DA01;
					};
					ABBD4A8D296C3AEA0069DA01 = {
						CreatedOnToolsVersion = 14.2;
						TestTargetID = ABBD4A6D296C3AE90069DA01;
					};
				};
			};
			buildConfigurationList = ABBD4A69296C3AE90069DA01 /* Build configuration list for PBXProject "BMI" */;
			compatibilityVersion = "Xcode 14.0";
			developmentRegion = en;
			hasScannedForEncodings = 0;
			knownRegions = (
				en,
				Base,
			);
			mainGroup = ABBD4A65296C3AE90069DA01;
			productRefGroup = ABBD4A6F296C3AE90069DA01 /* Products */;
			projectDirPath = "";
			projectRoot = "";
			targets = (
				ABBD4A6D296C3AE90069DA01 /* BMI */,
				ABBD4A83296C3AEA0069DA01 /* BMITests */,
				ABBD4A8D296C3AEA0069DA01 /* BMIUITests */,
			);
		};
/* End PBXProject section */

/* Begin PBXResourcesBuildPhase section */
		ABBD4A6C296C3AE90069DA01 /* Resources */ = {
			isa = PBXResourcesBuildPhase;
			buildActionMask = 2147483647;
			files = (
				ABBD4A7E296C3AEA0069DA01 /* LaunchScreen.storyboard in Resources */,
				ABBD4A7B296C3AEA0069DA01 /* Assets.xcassets in Resources */,
				ABBD4A79296C3AE90069DA01 /* Main.storyboard in Resources */,
			);
			runOnlyForDeploymentPostprocessing = 0;
		};
		ABBD4A82296C3AEA0069DA01 /* Resources */ = {
			isa = PBXResourcesBuildPhase;
			buildActionMask = 2147483647;
			files = (
			);
			runOnlyForDeploymentPostprocessing = 0;
		};
		ABBD4A8C296C3AEA0069DA01 /* Resources */ = {
			isa = PBXResourcesBuildPhase;
			buildActionMask = 2147483647;
			files = (
			);
			runOnlyForDeploymentPostprocessing = 0;
		};
/* End PBXResourcesBuildPhase section */

/* Begin PBXSourcesBuildPhase section */
		ABBD4A6A296C3AE90069DA01 /* Sources */ = {
			isa = PBXSourcesBuildPhase;
			buildActionMask = 2147483647;
			files = (
				ABBD4A76296C3AE90069DA01 /* ViewController.swift in Sources */,
				ABBD4A72296C3AE90069DA01 /* AppDelegate.swift in Sources */,
				AB9B4EFC296C856300036E8B /* bmiModel.swift in Sources */,
				AB6BBEE3296D1AA60089D27B /* SecondViewController.swift in Sources */,
				ABBD4A74296C3AE90069DA01 /* SceneDelegate.swift in Sources */,
			);
			runOnlyForDeploymentPostprocessing = 0;
		};
		ABBD4A80296C3AEA0069DA01 /* Sources */ = {
			isa = PBXSourcesBuildPhase;
			buildActionMask = 2147483647;
			files = (
				ABBD4A89296C3AEA0069DA01 /* BMITests.swift in Sources */,
			);
			runOnlyForDeploymentPostprocessing = 0;
		};
		ABBD4A8A296C3AEA0069DA01 /* Sources */ = {
			isa = PBXSourcesBuildPhase;
			buildActionMask = 2147483647;
			files = (
				ABBD4A93296C3AEA0069DA01 /* BMIUITests.swift in Sources */,
				ABBD4A95296C3AEA0069DA01 /* BMIUITestsLaunchTests.swift in Sources */,
			);
			runOnlyForDeploymentPostprocessing = 0;
		};
/* End PBXSourcesBuildPhase section */

/* Begin PBXTargetDependency section */
		ABBD4A86296C3AEA0069DA01 /* PBXTargetDependency */ = {
			isa = PBXTargetDependency;
			target = ABBD4A6D296C3AE90069DA01 /* BMI */;
			targetProxy = ABBD4A85296C3AEA0069DA01 /* PBXContainerItemProxy */;
		};
		ABBD4A90296C3AEA0069DA01 /* PBXTargetDependency */ = {
			isa = PBXTargetDependency;
			target = ABBD4A6D296C3AE90069DA01 /* BMI */;
			targetProxy = ABBD4A8F296C3AEA0069DA01 /* PBXContainerItemProxy */;
		};
/* End PBXTargetDependency section */

/* Begin PBXVariantGroup section */
		ABBD4A77296C3AE90069DA01 /* Main.storyboard */ = {
			isa = PBXVariantGroup;
			children = (
				ABBD4A78296C3AE90069DA01 /* Base */,
			);
			name = Main.storyboard;
			sourceTree = "<group>";
		};
		ABBD4A7C296C3AEA0069DA01 /* LaunchScreen.storyboard */ = {
			isa = PBXVariantGroup;
			children = (
				ABBD4A7D296C3AEA0069DA01 /* Base */,
			);
			name = LaunchScreen.storyboard;
			sourceTree = "<group>";
		};
/* End PBXVariantGroup section */

/* Begin XCBuildConfiguration section */
		ABBD4A96296C3AEA0069DA01 /* Debug */ = {
			isa = XCBuildConfiguration;
			buildSettings = {
				ALWAYS_SEARCH_USER_PATHS = NO;
				CLANG_ANALYZER_NONNULL = YES;
				CLANG_ANALYZER_NUMBER_OBJECT_CONVERSION = YES_AGGRESSIVE;
				CLANG_CXX_LANGUAGE_STANDARD = "gnu++20";
				CLANG_ENABLE_MODULES = YES;
				CLANG_ENABLE_OBJC_ARC = YES;
				CLANG_ENABLE_OBJC_WEAK = YES;
				CLANG_WARN_BLOCK_CAPTURE_AUTORELEASING = YES;
				CLANG_WARN_BOOL_CONVERSION = YES;
				CLANG_WARN_COMMA = YES;
				CLANG_WARN_CONSTANT_CONVERSION = YES;
				CLANG_WARN_DEPRECATED_OBJC_IMPLEMENTATIONS = YES;
				CLANG_WARN_DIRECT_OBJC_ISA_USAGE = YES_ERROR;
				CLANG_WARN_DOCUMENTATION_COMMENTS = YES;
				CLANG_WARN_EMPTY_BODY = YES;
				CLANG_WARN_ENUM_CONVERSION = YES;
				CLANG_WARN_INFINITE_RECURSION = YES;
				CLANG_WARN_INT_CONVERSION = YES;
				CLANG_WARN_NON_LITERAL_NULL_CONVERSION = YES;
				CLANG_WARN_OBJC_IMPLICIT_RETAIN_SELF = YES;
				CLANG_WARN_OBJC_LITERAL_CONVERSION = YES;
				CLANG_WARN_OBJC_ROOT_CLASS = YES_ERROR;
				CLANG_WARN_QUOTED_INCLUDE_IN_FRAMEWORK_HEADER = YES;
				CLANG_WARN_RANGE_LOOP_ANALYSIS = YES;
				CLANG_WARN_STRICT_PROTOTYPES = YES;
				CLANG_WARN_SUSPICIOUS_MOVE = YES;
				CLANG_WARN_UNGUARDED_AVAILABILITY = YES_AGGRESSIVE;
				CLANG_WARN_UNREACHABLE_CODE = YES;
				CLANG_WARN__DUPLICATE_METHOD_MATCH = YES;
				COPY_PHASE_STRIP = NO;
				DEBUG_INFORMATION_FORMAT = dwarf;
				ENABLE_STRICT_OBJC_MSGSEND = YES;
				ENABLE_TESTABILITY = YES;
				GCC_C_LANGUAGE_STANDARD = gnu11;
				GCC_DYNAMIC_NO_PIC = NO;
				GCC_NO_COMMON_BLOCKS = YES;
				GCC_OPTIMIZATION_LEVEL = 0;
				GCC_PREPROCESSOR_DEFINITIONS = (
					"DEBUG=1",
					"$(inherited)",
				);
				GCC_WARN_64_TO_32_BIT_CONVERSION = YES;
				GCC_WARN_ABOUT_RETURN_TYPE = YES_ERROR;
				GCC_WARN_UNDECLARED_SELECTOR = YES;
				GCC_WARN_UNINITIALIZED_AUTOS = YES_AGGRESSIVE;
				GCC_WARN_UNUSED_FUNCTION = YES;
				GCC_WARN_UNUSED_VARIABLE = YES;
				IPHONEOS_DEPLOYMENT_TARGET = 16.2;
				MTL_ENABLE_DEBUG_INFO = INCLUDE_SOURCE;
				MTL_FAST_MATH = YES;
				ONLY_ACTIVE_ARCH = YES;
				SDKROOT = iphoneos;
				SWIFT_ACTIVE_COMPILATION_CONDITIONS = DEBUG;
				SWIFT_OPTIMIZATION_LEVEL = "-Onone";
			};
			name = Debug;
		};
		ABBD4A97296C3AEA0069DA01 /* Release */ = {
			isa = XCBuildConfiguration;
			buildSettings = {
				ALWAYS_SEARCH_USER_PATHS = NO;
				CLANG_ANALYZER_NONNULL = YES;
				CLANG_ANALYZER_NUMBER_OBJECT_CONVERSION = YES_AGGRESSIVE;
				CLANG_CXX_LANGUAGE_STANDARD = "gnu++20";
				CLANG_ENABLE_MODULES = YES;
				CLANG_ENABLE_OBJC_ARC = YES;
				CLANG_ENABLE_OBJC_WEAK = YES;
				CLANG_WARN_BLOCK_CAPTURE_AUTORELEASING = YES;
				CLANG_WARN_BOOL_CONVERSION = YES;
				CLANG_WARN_COMMA = YES;
				CLANG_WARN_CONSTANT_CONVERSION = YES;
				CLANG_WARN_DEPRECATED_OBJC_IMPLEMENTATIONS = YES;
				CLANG_WARN_DIRECT_OBJC_ISA_USAGE = YES_ERROR;
				CLANG_WARN_DOCUMENTATION_COMMENTS = YES;
				CLANG_WARN_EMPTY_BODY = YES;
				CLANG_WARN_ENUM_CONVERSION = YES;
				CLANG_WARN_INFINITE_RECURSION = YES;
				CLANG_WARN_INT_CONVERSION = YES;
				CLANG_WARN_NON_LITERAL_NULL_CONVERSION = YES;
				CLANG_WARN_OBJC_IMPLICIT_RETAIN_SELF = YES;
				CLANG_WARN_OBJC_LITERAL_CONVERSION = YES;
				CLANG_WARN_OBJC_ROOT_CLASS = YES_ERROR;
				CLANG_WARN_QUOTED_INCLUDE_IN_FRAMEWORK_HEADER = YES;
				CLANG_WARN_RANGE_LOOP_ANALYSIS = YES;
				CLANG_WARN_STRICT_PROTOTYPES = YES;
				CLANG_WARN_SUSPICIOUS_MOVE = YES;
				CLANG_WARN_UNGUARDED_AVAILABILITY = YES_AGGRESSIVE;
				CLANG_WARN_UNREACHABLE_CODE = YES;
				CLANG_WARN__DUPLICATE_METHOD_MATCH = YES;
				COPY_PHASE_STRIP = NO;
				DEBUG_INFORMATION_FORMAT = "dwarf-with-dsym";
				ENABLE_NS_ASSERTIONS = NO;
				ENABLE_STRICT_OBJC_MSGSEND = YES;
				GCC_C_LANGUAGE_STANDARD = gnu11;
				GCC_NO_COMMON_BLOCKS = YES;
				GCC_WARN_64_TO_32_BIT_CONVERSION = YES;
				GCC_WARN_ABOUT_RETURN_TYPE = YES_ERROR;
				GCC_WARN_UNDECLARED_SELECTOR = YES;
				GCC_WARN_UNINITIALIZED_AUTOS = YES_AGGRESSIVE;
				GCC_WARN_UNUSED_FUNCTION = YES;
				GCC_WARN_UNUSED_VARIABLE = YES;
				IPHONEOS_DEPLOYMENT_TARGET = 16.2;
				MTL_ENABLE_DEBUG_INFO = NO;
				MTL_FAST_MATH = YES;
				SDKROOT = iphoneos;
				SWIFT_COMPILATION_MODE = wholemodule;
				SWIFT_OPTIMIZATION_LEVEL = "-O";
				VALIDATE_PRODUCT = YES;
			};
			name = Release;
		};
		ABBD4A99296C3AEA0069DA01 /* Debug */ = {
			isa = XCBuildConfiguration;
			buildSettings = {
				ASSETCATALOG_COMPILER_APPICON_NAME = AppIcon;
				ASSETCATALOG_COMPILER_GLOBAL_ACCENT_COLOR_NAME = AccentColor;
				CODE_SIGN_STYLE = Automatic;
				CURRENT_PROJECT_VERSION = 1;
				DEVELOPMENT_TEAM = PQ66K967C7;
				GENERATE_INFOPLIST_FILE = YES;
				INFOPLIST_FILE = BMI/Info.plist;
				INFOPLIST_KEY_UIApplicationSupportsIndirectInputEvents = YES;
				INFOPLIST_KEY_UILaunchStoryboardName = LaunchScreen;
				INFOPLIST_KEY_UIMainStoryboardFile = Main;
				INFOPLIST_KEY_UISupportedInterfaceOrientations_iPad = "UIInterfaceOrientationPortrait UIInterfaceOrientationPortraitUpsideDown UIInterfaceOrientationLandscapeLeft UIInterfaceOrientationLandscapeRight";
				INFOPLIST_KEY_UISupportedInterfaceOrientations_iPhone = "UIInterfaceOrientationPortrait UIInterfaceOrientationLandscapeLeft UIInterfaceOrientationLandscapeRight";
				LD_RUNPATH_SEARCH_PATHS = (
					"$(inherited)",
					"@executable_path/Frameworks",
				);
				MARKETING_VERSION = 1.0;
				PRODUCT_BUNDLE_IDENTIFIER = in.edu.srmist.BMI;
				PRODUCT_NAME = "$(TARGET_NAME)";
				SWIFT_EMIT_LOC_STRINGS = YES;
				SWIFT_VERSION = 5.0;
				TARGETED_DEVICE_FAMILY = "1,2";
			};
			name = Debug;
		};
		ABBD4A9A296C3AEA0069DA01 /* Release */ = {
			isa = XCBuildConfiguration;
			buildSettings = {
				ASSETCATALOG_COMPILER_APPICON_NAME = AppIcon;
				ASSETCATALOG_COMPILER_GLOBAL_ACCENT_COLOR_NAME = AccentColor;
				CODE_SIGN_STYLE = Automatic;
				CURRENT_PROJECT_VERSION = 1;
				DEVELOPMENT_TEAM = PQ66K967C7;
				GENERATE_INFOPLIST_FILE = YES;
				INFOPLIST_FILE = BMI/Info.plist;
				INFOPLIST_KEY_UIApplicationSupportsIndirectInputEvents = YES;
				INFOPLIST_KEY_UILaunchStoryboardName = LaunchScreen;
				INFOPLIST_KEY_UIMainStoryboardFile = Main;
				INFOPLIST_KEY_UISupportedInterfaceOrientations_iPad = "UIInterfaceOrientationPortrait UIInterfaceOrientationPortraitUpsideDown UIInterfaceOrientationLandscapeLeft UIInterfaceOrientationLandscapeRight";
				INFOPLIST_KEY_UISupportedInterfaceOrientations_iPhone = "UIInterfaceOrientationPortrait UIInterfaceOrientationLandscapeLeft UIInterfaceOrientationLandscapeRight";
				LD_RUNPATH_SEARCH_PATHS = (
					"$(inherited)",
					"@executable_path/Frameworks",
				);
				MARKETING_VERSION = 1.0;
				PRODUCT_BUNDLE_IDENTIFIER = in.edu.srmist.BMI;
				PRODUCT_NAME = "$(TARGET_NAME)";
				SWIFT_EMIT_LOC_STRINGS = YES;
				SWIFT_VERSION = 5.0;
				TARGETED_DEVICE_FAMILY = "1,2";
			};
			name = Release;
		};
		ABBD4A9C296C3AEA0069DA01 /* Debug */ = {
			isa = XCBuildConfiguration;
			buildSettings = {
				ALWAYS_EMBED_SWIFT_STANDARD_LIBRARIES = YES;
				BUNDLE_LOADER = "$(TEST_HOST)";
				CODE_SIGN_STYLE = Automatic;
				CURRENT_PROJECT_VERSION = 1;
				DEVELOPMENT_TEAM = PQ66K967C7;
				GENERATE_INFOPLIST_FILE = YES;
				IPHONEOS_DEPLOYMENT_TARGET = 16.2;
				MARKETING_VERSION = 1.0;
				PRODUCT_BUNDLE_IDENTIFIER = in.edu.srmist.BMITests;
				PRODUCT_NAME = "$(TARGET_NAME)";
				SWIFT_EMIT_LOC_STRINGS = NO;
				SWIFT_VERSION = 5.0;
				TARGETED_DEVICE_FAMILY = "1,2";
				TEST_HOST = "$(BUILT_PRODUCTS_DIR)/BMI.app/$(BUNDLE_EXECUTABLE_FOLDER_PATH)/BMI";
			};
			name = Debug;
		};
		ABBD4A9D296C3AEA0069DA01 /* Release */ = {
			isa = XCBuildConfiguration;
			buildSettings = {
				ALWAYS_EMBED_SWIFT_STANDARD_LIBRARIES = YES;
				BUNDLE_LOADER = "$(TEST_HOST)";
				CODE_SIGN_STYLE = Automatic;
				CURRENT_PROJECT_VERSION = 1;
				DEVELOPMENT_TEAM = PQ66K967C7;
				GENERATE_INFOPLIST_FILE = YES;
				IPHONEOS_DEPLOYMENT_TARGET = 16.2;
				MARKETING_VERSION = 1.0;
				PRODUCT_BUNDLE_IDENTIFIER = in.edu.srmist.BMITests;
				PRODUCT_NAME = "$(TARGET_NAME)";
				SWIFT_EMIT_LOC_STRINGS = NO;
				SWIFT_VERSION = 5.0;
				TARGETED_DEVICE_FAMILY = "1,2";
				TEST_HOST = "$(BUILT_PRODUCTS_DIR)/BMI.app/$(BUNDLE_EXECUTABLE_FOLDER_PATH)/BMI";
			};
			name = Release;
		};
		ABBD4A9F296C3AEA0069DA01 /* Debug */ = {
			isa = XCBuildConfiguration;
			buildSettings = {
				ALWAYS_EMBED_SWIFT_STANDARD_LIBRARIES = YES;
				CODE_SIGN_STYLE = Automatic;
				CURRENT_PROJECT_VERSION = 1;
				DEVELOPMENT_TEAM = PQ66K967C7;
				GENERATE_INFOPLIST_FILE = YES;
				MARKETING_VERSION = 1.0;
				PRODUCT_BUNDLE_IDENTIFIER = in.edu.srmist.BMIUITests;
				PRODUCT_NAME = "$(TARGET_NAME)";
				SWIFT_EMIT_LOC_STRINGS = NO;
				SWIFT_VERSION = 5.0;
				TARGETED_DEVICE_FAMILY = "1,2";
				TEST_TARGET_NAME = BMI;
			};
			name = Debug;
		};
		ABBD4AA0296C3AEA0069DA01 /* Release */ = {
			isa = XCBuildConfiguration;
			buildSettings = {
				ALWAYS_EMBED_SWIFT_STANDARD_LIBRARIES = YES;
				CODE_SIGN_STYLE = Automatic;
				CURRENT_PROJECT_VERSION = 1;
				DEVELOPMENT_TEAM = PQ66K967C7;
				GENERATE_INFOPLIST_FILE = YES;
				MARKETING_VERSION = 1.0;
				PRODUCT_BUNDLE_IDENTIFIER = in.edu.srmist.BMIUITests;
				PRODUCT_NAME = "$(TARGET_NAME)";
				SWIFT_EMIT_LOC_STRINGS = NO;
				SWIFT_VERSION = 5.0;
				TARGETED_DEVICE_FAMILY = "1,2";
				TEST_TARGET_NAME = BMI;
			};
			name = Release;
		};
/* End XCBuildConfiguration section */

/* Begin XCConfigurationList section */
		ABBD4A69296C3AE90069DA01 /* Build configuration list for PBXProject "BMI" */ = {
			isa = XCConfigurationList;
			buildConfigurations = (
				ABBD4A96296C3AEA0069DA01 /* Debug */,
				ABBD4A97296C3AEA0069DA01 /* Release */,
			);
			defaultConfigurationIsVisible = 0;
			defaultConfigurationName = Release;
		};
		ABBD4A98296C3AEA0069DA01 /* Build configuration list for PBXNativeTarget "BMI" */ = {
			isa = XCConfigurationList;
			buildConfigurations = (
				ABBD4A99296C3AEA0069DA01 /* Debug */,
				ABBD4A9A296C3AEA0069DA01 /* Release */,
			);
			defaultConfigurationIsVisible = 0;
			defaultConfigurationName = Release;
		};
		ABBD4A9B296C3AEA0069DA01 /* Build configuration list for PBXNativeTarget "BMITests" */ = {
			isa = XCConfigurationList;
			buildConfigurations = (
				ABBD4A9C296C3AEA0069DA01 /* Debug */,
				ABBD4A9D296C3AEA0069DA01 /* Release */,
			);
			defaultConfigurationIsVisible = 0;
			defaultConfigurationName = Release;
		};
		ABBD4A9E296C3AEA0069DA01 /* Build configuration list for PBXNativeTarget "BMIUITests" */ = {
			isa = XCConfigurationList;
			buildConfigurations = (
				ABBD4A9F296C3AEA0069DA01 /* Debug */,
				ABBD4AA0296C3AEA0069DA01 /* Release */,
			);
			defaultConfigurationIsVisible = 0;
			defaultConfigurationName = Release;
		};
/* End XCConfigurationList section */
	};
	rootObject = ABBD4A66296C3AE90069DA01 /* Project object */;
}
